// !$*UTF8*$!
{
	archiveVersion = 1;
	classes = {
	};
	objectVersion = 55;
	objects = {

/* Begin PBXBuildFile section */
		B17E2A8427EB736100591CE4 /* AppDelegate.swift in Sources */ = {isa = PBXBuildFile; fileRef = B17E2A8327EB736100591CE4 /* AppDelegate.swift */; };
		B17E2A8D27EB736300591CE4 /* Assets.xcassets in Resources */ = {isa = PBXBuildFile; fileRef = B17E2A8C27EB736300591CE4 /* Assets.xcassets */; };
		B17E2A9027EB736300591CE4 /* LaunchScreen.storyboard in Resources */ = {isa = PBXBuildFile; fileRef = B17E2A8E27EB736300591CE4 /* LaunchScreen.storyboard */; };
		B17E2AB027EB7C7F00591CE4 /* WeatherPresenter.swift in Sources */ = {isa = PBXBuildFile; fileRef = B17E2AAD27EB7C7F00591CE4 /* WeatherPresenter.swift */; };
		B17E2AB127EB7C7F00591CE4 /* WeatherViewController.swift in Sources */ = {isa = PBXBuildFile; fileRef = B17E2AAE27EB7C7F00591CE4 /* WeatherViewController.swift */; };
		B17E2AB227EB7C7F00591CE4 /* WeatherBuilder.swift in Sources */ = {isa = PBXBuildFile; fileRef = B17E2AAF27EB7C7F00591CE4 /* WeatherBuilder.swift */; };
		B17E2AB627EB7C9800591CE4 /* NewsPresenter.swift in Sources */ = {isa = PBXBuildFile; fileRef = B17E2AB327EB7C9800591CE4 /* NewsPresenter.swift */; };
		B17E2AB727EB7C9800591CE4 /* NewsViewController.swift in Sources */ = {isa = PBXBuildFile; fileRef = B17E2AB427EB7C9800591CE4 /* NewsViewController.swift */; };
		B17E2AB827EB7C9800591CE4 /* NewsBuilder.swift in Sources */ = {isa = PBXBuildFile; fileRef = B17E2AB527EB7C9800591CE4 /* NewsBuilder.swift */; };
		B17E2ABC27EB7CA400591CE4 /* LoadingPresenter.swift in Sources */ = {isa = PBXBuildFile; fileRef = B17E2AB927EB7CA400591CE4 /* LoadingPresenter.swift */; };
		B17E2ABD27EB7CA400591CE4 /* LoadingViewController.swift in Sources */ = {isa = PBXBuildFile; fileRef = B17E2ABA27EB7CA400591CE4 /* LoadingViewController.swift */; };
		B17E2ABE27EB7CA400591CE4 /* LoadingBuilder.swift in Sources */ = {isa = PBXBuildFile; fileRef = B17E2ABB27EB7CA400591CE4 /* LoadingBuilder.swift */; };
		B17E2AC227EB7E3E00591CE4 /* Settings.swift in Sources */ = {isa = PBXBuildFile; fileRef = B17E2AC127EB7E3E00591CE4 /* Settings.swift */; };
		B17E2AC427EB7E9200591CE4 /* App.swift in Sources */ = {isa = PBXBuildFile; fileRef = B17E2AC327EB7E9200591CE4 /* App.swift */; };
		B17E2AC727EB812400591CE4 /* UIView+AddingViews.swift in Sources */ = {isa = PBXBuildFile; fileRef = B17E2AC627EB812400591CE4 /* UIView+AddingViews.swift */; };
		C6288CCF85ABCA37D6B1289B /* Pods_Neweather.framework in Frameworks */ = {isa = PBXBuildFile; fileRef = C5C178D9AB1483C82C704268 /* Pods_Neweather.framework */; };
/* End PBXBuildFile section */

/* Begin PBXFileReference section */
		877CF2F0EBD0E81D6563475E /* Pods-Neweather.debug.xcconfig */ = {isa = PBXFileReference; includeInIndex = 1; lastKnownFileType = text.xcconfig; name = "Pods-Neweather.debug.xcconfig"; path = "Target Support Files/Pods-Neweather/Pods-Neweather.debug.xcconfig"; sourceTree = "<group>"; };
		B17E2A8027EB736100591CE4 /* Neweather.app */ = {isa = PBXFileReference; explicitFileType = wrapper.application; includeInIndex = 0; path = Neweather.app; sourceTree = BUILT_PRODUCTS_DIR; };
		B17E2A8327EB736100591CE4 /* AppDelegate.swift */ = {isa = PBXFileReference; lastKnownFileType = sourcecode.swift; path = AppDelegate.swift; sourceTree = "<group>"; };
		B17E2A8C27EB736300591CE4 /* Assets.xcassets */ = {isa = PBXFileReference; lastKnownFileType = folder.assetcatalog; path = Assets.xcassets; sourceTree = "<group>"; };
		B17E2A8F27EB736300591CE4 /* Base */ = {isa = PBXFileReference; lastKnownFileType = file.storyboard; name = Base; path = Base.lproj/LaunchScreen.storyboard; sourceTree = "<group>"; };
		B17E2A9127EB736300591CE4 /* Info.plist */ = {isa = PBXFileReference; lastKnownFileType = text.plist.xml; path = Info.plist; sourceTree = "<group>"; };
		B17E2AAD27EB7C7F00591CE4 /* WeatherPresenter.swift */ = {isa = PBXFileReference; lastKnownFileType = sourcecode.swift; path = WeatherPresenter.swift; sourceTree = "<group>"; };
		B17E2AAE27EB7C7F00591CE4 /* WeatherViewController.swift */ = {isa = PBXFileReference; lastKnownFileType = sourcecode.swift; path = WeatherViewController.swift; sourceTree = "<group>"; };
		B17E2AAF27EB7C7F00591CE4 /* WeatherBuilder.swift */ = {isa = PBXFileReference; lastKnownFileType = sourcecode.swift; path = WeatherBuilder.swift; sourceTree = "<group>"; };
		B17E2AB327EB7C9800591CE4 /* NewsPresenter.swift */ = {isa = PBXFileReference; lastKnownFileType = sourcecode.swift; path = NewsPresenter.swift; sourceTree = "<group>"; };
		B17E2AB427EB7C9800591CE4 /* NewsViewController.swift */ = {isa = PBXFileReference; lastKnownFileType = sourcecode.swift; path = NewsViewController.swift; sourceTree = "<group>"; };
		B17E2AB527EB7C9800591CE4 /* NewsBuilder.swift */ = {isa = PBXFileReference; lastKnownFileType = sourcecode.swift; path = NewsBuilder.swift; sourceTree = "<group>"; };
		B17E2AB927EB7CA400591CE4 /* LoadingPresenter.swift */ = {isa = PBXFileReference; lastKnownFileType = sourcecode.swift; path = LoadingPresenter.swift; sourceTree = "<group>"; };
		B17E2ABA27EB7CA400591CE4 /* LoadingViewController.swift */ = {isa = PBXFileReference; lastKnownFileType = sourcecode.swift; path = LoadingViewController.swift; sourceTree = "<group>"; };
		B17E2ABB27EB7CA400591CE4 /* LoadingBuilder.swift */ = {isa = PBXFileReference; lastKnownFileType = sourcecode.swift; path = LoadingBuilder.swift; sourceTree = "<group>"; };
		B17E2AC127EB7E3E00591CE4 /* Settings.swift */ = {isa = PBXFileReference; lastKnownFileType = sourcecode.swift; path = Settings.swift; sourceTree = "<group>"; };
		B17E2AC327EB7E9200591CE4 /* App.swift */ = {isa = PBXFileReference; lastKnownFileType = sourcecode.swift; path = App.swift; sourceTree = "<group>"; };
		B17E2AC627EB812400591CE4 /* UIView+AddingViews.swift */ = {isa = PBXFileReference; lastKnownFileType = sourcecode.swift; path = "UIView+AddingViews.swift"; sourceTree = "<group>"; };
		C5C178D9AB1483C82C704268 /* Pods_Neweather.framework */ = {isa = PBXFileReference; explicitFileType = wrapper.framework; includeInIndex = 0; path = Pods_Neweather.framework; sourceTree = BUILT_PRODUCTS_DIR; };
		F2B5A048681FCCFDF3B6FC10 /* Pods-Neweather.release.xcconfig */ = {isa = PBXFileReference; includeInIndex = 1; lastKnownFileType = text.xcconfig; name = "Pods-Neweather.release.xcconfig"; path = "Target Support Files/Pods-Neweather/Pods-Neweather.release.xcconfig"; sourceTree = "<group>"; };
/* End PBXFileReference section */

/* Begin PBXFrameworksBuildPhase section */
		B17E2A7D27EB736100591CE4 /* Frameworks */ = {
			isa = PBXFrameworksBuildPhase;
			buildActionMask = 2147483647;
			files = (
				C6288CCF85ABCA37D6B1289B /* Pods_Neweather.framework in Frameworks */,
			);
			runOnlyForDeploymentPostprocessing = 0;
		};
/* End PBXFrameworksBuildPhase section */

/* Begin PBXGroup section */
		9E8116A235EBE128189A6BC7 /* Frameworks */ = {
			isa = PBXGroup;
			children = (
				C5C178D9AB1483C82C704268 /* Pods_Neweather.framework */,
			);
			name = Frameworks;
			sourceTree = "<group>";
		};
		B17E2A7727EB736100591CE4 = {
			isa = PBXGroup;
			children = (
				B17E2A8227EB736100591CE4 /* Neweather */,
				B17E2A8127EB736100591CE4 /* Products */,
				DD3E6065049B9EBFCD785795 /* Pods */,
				9E8116A235EBE128189A6BC7 /* Frameworks */,
			);
			sourceTree = "<group>";
		};
		B17E2A8127EB736100591CE4 /* Products */ = {
			isa = PBXGroup;
			children = (
				B17E2A8027EB736100591CE4 /* Neweather.app */,
			);
			name = Products;
			sourceTree = "<group>";
		};
		B17E2A8227EB736100591CE4 /* Neweather */ = {
			isa = PBXGroup;
			children = (
				B17E2A9727EB79FF00591CE4 /* Screens */,
				B17E2ABF27EB7DED00591CE4 /* res */,
				B17E2AC527EB810900591CE4 /* managers */,
				B17E2A8327EB736100591CE4 /* AppDelegate.swift */,
				B17E2A8E27EB736300591CE4 /* LaunchScreen.storyboard */,
				B17E2A9127EB736300591CE4 /* Info.plist */,
			);
			path = Neweather;
			sourceTree = "<group>";
		};
		B17E2A9727EB79FF00591CE4 /* Screens */ = {
			isa = PBXGroup;
			children = (
				B17E2A9A27EB7A2D00591CE4 /* Weather */,
				B17E2A9927EB7A2500591CE4 /* News */,
				B17E2A9827EB7A0B00591CE4 /* Loading */,
			);
			path = Screens;
			sourceTree = "<group>";
		};
		B17E2A9827EB7A0B00591CE4 /* Loading */ = {
			isa = PBXGroup;
			children = (
				B17E2AB927EB7CA400591CE4 /* LoadingPresenter.swift */,
				B17E2ABA27EB7CA400591CE4 /* LoadingViewController.swift */,
				B17E2ABB27EB7CA400591CE4 /* LoadingBuilder.swift */,
			);
			path = Loading;
			sourceTree = "<group>";
		};
		B17E2A9927EB7A2500591CE4 /* News */ = {
			isa = PBXGroup;
			children = (
				B17E2AB327EB7C9800591CE4 /* NewsPresenter.swift */,
				B17E2AB427EB7C9800591CE4 /* NewsViewController.swift */,
				B17E2AB527EB7C9800591CE4 /* NewsBuilder.swift */,
			);
			path = News;
			sourceTree = "<group>";
		};
		B17E2A9A27EB7A2D00591CE4 /* Weather */ = {
			isa = PBXGroup;
			children = (
				B17E2AAD27EB7C7F00591CE4 /* WeatherPresenter.swift */,
				B17E2AAE27EB7C7F00591CE4 /* WeatherViewController.swift */,
				B17E2AAF27EB7C7F00591CE4 /* WeatherBuilder.swift */,
			);
			path = Weather;
			sourceTree = "<group>";
		};
		B17E2ABF27EB7DED00591CE4 /* res */ = {
			isa = PBXGroup;
			children = (
				B17E2AC027EB7E3200591CE4 /* Settings */,
				B17E2A8C27EB736300591CE4 /* Assets.xcassets */,
				B17E2AC327EB7E9200591CE4 /* App.swift */,
			);
			path = res;
			sourceTree = "<group>";
		};
		B17E2AC027EB7E3200591CE4 /* Settings */ = {
			isa = PBXGroup;
			children = (
				B17E2AC127EB7E3E00591CE4 /* Settings.swift */,
			);
			path = Settings;
			sourceTree = "<group>";
		};
		B17E2AC527EB810900591CE4 /* managers */ = {
			isa = PBXGroup;
			children = (
				B17E2AC627EB812400591CE4 /* UIView+AddingViews.swift */,
			);
			path = managers;
			sourceTree = "<group>";
		};
		DD3E6065049B9EBFCD785795 /* Pods */ = {
			isa = PBXGroup;
			children = (
				877CF2F0EBD0E81D6563475E /* Pods-Neweather.debug.xcconfig */,
				F2B5A048681FCCFDF3B6FC10 /* Pods-Neweather.release.xcconfig */,
			);
			path = Pods;
			sourceTree = "<group>";
		};
/* End PBXGroup section */

/* Begin PBXNativeTarget section */
		B17E2A7F27EB736100591CE4 /* Neweather */ = {
			isa = PBXNativeTarget;
			buildConfigurationList = B17E2A9427EB736300591CE4 /* Build configuration list for PBXNativeTarget "Neweather" */;
			buildPhases = (
				E406F970DD10EA489AF9FBF5 /* [CP] Check Pods Manifest.lock */,
				B17E2A7C27EB736100591CE4 /* Sources */,
				B17E2A7D27EB736100591CE4 /* Frameworks */,
				B17E2A7E27EB736100591CE4 /* Resources */,
				82486A37E104162AC17AED24 /* [CP] Embed Pods Frameworks */,
			);
			buildRules = (
			);
			dependencies = (
			);
			name = Neweather;
			productName = Neweather;
			productReference = B17E2A8027EB736100591CE4 /* Neweather.app */;
			productType = "com.apple.product-type.application";
		};
/* End PBXNativeTarget section */

/* Begin PBXProject section */
		B17E2A7827EB736100591CE4 /* Project object */ = {
			isa = PBXProject;
			attributes = {
				BuildIndependentTargetsInParallel = 1;
				LastSwiftUpdateCheck = 1330;
				LastUpgradeCheck = 1330;
				TargetAttributes = {
					B17E2A7F27EB736100591CE4 = {
						CreatedOnToolsVersion = 13.3;
					};
				};
			};
			buildConfigurationList = B17E2A7B27EB736100591CE4 /* Build configuration list for PBXProject "Neweather" */;
			compatibilityVersion = "Xcode 13.0";
			developmentRegion = en;
			hasScannedForEncodings = 0;
			knownRegions = (
				en,
				Base,
			);
			mainGroup = B17E2A7727EB736100591CE4;
			productRefGroup = B17E2A8127EB736100591CE4 /* Products */;
			projectDirPath = "";
			projectRoot = "";
			targets = (
				B17E2A7F27EB736100591CE4 /* Neweather */,
			);
		};
/* End PBXProject section */

/* Begin PBXResourcesBuildPhase section */
		B17E2A7E27EB736100591CE4 /* Resources */ = {
			isa = PBXResourcesBuildPhase;
			buildActionMask = 2147483647;
			files = (
				B17E2A9027EB736300591CE4 /* LaunchScreen.storyboard in Resources */,
				B17E2A8D27EB736300591CE4 /* Assets.xcassets in Resources */,
			);
			runOnlyForDeploymentPostprocessing = 0;
		};
/* End PBXResourcesBuildPhase section */

/* Begin PBXShellScriptBuildPhase section */
		82486A37E104162AC17AED24 /* [CP] Embed Pods Frameworks */ = {
			isa = PBXShellScriptBuildPhase;
			buildActionMask = 2147483647;
			files = (
			);
			inputFileListPaths = (
				"${PODS_ROOT}/Target Support Files/Pods-Neweather/Pods-Neweather-frameworks-${CONFIGURATION}-input-files.xcfilelist",
			);
			name = "[CP] Embed Pods Frameworks";
			outputFileListPaths = (
				"${PODS_ROOT}/Target Support Files/Pods-Neweather/Pods-Neweather-frameworks-${CONFIGURATION}-output-files.xcfilelist",
			);
			runOnlyForDeploymentPostprocessing = 0;
			shellPath = /bin/sh;
			shellScript = "\"${PODS_ROOT}/Target Support Files/Pods-Neweather/Pods-Neweather-frameworks.sh\"\n";
			showEnvVarsInLog = 0;
		};
		E406F970DD10EA489AF9FBF5 /* [CP] Check Pods Manifest.lock */ = {
			isa = PBXShellScriptBuildPhase;
			buildActionMask = 2147483647;
			files = (
			);
			inputFileListPaths = (
			);
			inputPaths = (
				"${PODS_PODFILE_DIR_PATH}/Podfile.lock",
				"${PODS_ROOT}/Manifest.lock",
			);
			name = "[CP] Check Pods Manifest.lock";
			outputFileListPaths = (
			);
			outputPaths = (
				"$(DERIVED_FILE_DIR)/Pods-Neweather-checkManifestLockResult.txt",
			);
			runOnlyForDeploymentPostprocessing = 0;
			shellPath = /bin/sh;
			shellScript = "diff \"${PODS_PODFILE_DIR_PATH}/Podfile.lock\" \"${PODS_ROOT}/Manifest.lock\" > /dev/null\nif [ $? != 0 ] ; then\n    # print error to STDERR\n    echo \"error: The sandbox is not in sync with the Podfile.lock. Run 'pod install' or update your CocoaPods installation.\" >&2\n    exit 1\nfi\n# This output is used by Xcode 'outputs' to avoid re-running this script phase.\necho \"SUCCESS\" > \"${SCRIPT_OUTPUT_FILE_0}\"\n";
			showEnvVarsInLog = 0;
		};
/* End PBXShellScriptBuildPhase section */

/* Begin PBXSourcesBuildPhase section */
		B17E2A7C27EB736100591CE4 /* Sources */ = {
			isa = PBXSourcesBuildPhase;
			buildActionMask = 2147483647;
			files = (
				B17E2AB827EB7C9800591CE4 /* NewsBuilder.swift in Sources */,
				B17E2AB127EB7C7F00591CE4 /* WeatherViewController.swift in Sources */,
				B17E2AB227EB7C7F00591CE4 /* WeatherBuilder.swift in Sources */,
				B17E2ABE27EB7CA400591CE4 /* LoadingBuilder.swift in Sources */,
				B17E2AB627EB7C9800591CE4 /* NewsPresenter.swift in Sources */,
				B17E2AB727EB7C9800591CE4 /* NewsViewController.swift in Sources */,
				B17E2AB027EB7C7F00591CE4 /* WeatherPresenter.swift in Sources */,
				B17E2AC727EB812400591CE4 /* UIView+AddingViews.swift in Sources */,
				B17E2ABD27EB7CA400591CE4 /* LoadingViewController.swift in Sources */,
				B17E2A8427EB736100591CE4 /* AppDelegate.swift in Sources */,
				B17E2AC427EB7E9200591CE4 /* App.swift in Sources */,
				B17E2AC227EB7E3E00591CE4 /* Settings.swift in Sources */,
				B17E2ABC27EB7CA400591CE4 /* LoadingPresenter.swift in Sources */,
			);
			runOnlyForDeploymentPostprocessing = 0;
		};
/* End PBXSourcesBuildPhase section */

/* Begin PBXVariantGroup section */
		B17E2A8E27EB736300591CE4 /* LaunchScreen.storyboard */ = {
			isa = PBXVariantGroup;
			children = (
				B17E2A8F27EB736300591CE4 /* Base */,
			);
			name = LaunchScreen.storyboard;
			sourceTree = "<group>";
		};
/* End PBXVariantGroup section */

/* Begin XCBuildConfiguration section */
		B17E2A9227EB736300591CE4 /* Debug */ = {
			isa = XCBuildConfiguration;
			buildSettings = {
				ALWAYS_SEARCH_USER_PATHS = NO;
				CLANG_ANALYZER_NONNULL = YES;
				CLANG_ANALYZER_NUMBER_OBJECT_CONVERSION = YES_AGGRESSIVE;
				CLANG_CXX_LANGUAGE_STANDARD = "gnu++17";
				CLANG_ENABLE_MODULES = YES;
				CLANG_ENABLE_OBJC_ARC = YES;
				CLANG_ENABLE_OBJC_WEAK = YES;
				CLANG_WARN_BLOCK_CAPTURE_AUTORELEASING = YES;
				CLANG_WARN_BOOL_CONVERSION = YES;
				CLANG_WARN_COMMA = YES;
				CLANG_WARN_CONSTANT_CONVERSION = YES;
				CLANG_WARN_DEPRECATED_OBJC_IMPLEMENTATIONS = YES;
				CLANG_WARN_DIRECT_OBJC_ISA_USAGE = YES_ERROR;
				CLANG_WARN_DOCUMENTATION_COMMENTS = YES;
				CLANG_WARN_EMPTY_BODY = YES;
				CLANG_WARN_ENUM_CONVERSION = YES;
				CLANG_WARN_INFINITE_RECURSION = YES;
				CLANG_WARN_INT_CONVERSION = YES;
				CLANG_WARN_NON_LITERAL_NULL_CONVERSION = YES;
				CLANG_WARN_OBJC_IMPLICIT_RETAIN_SELF = YES;
				CLANG_WARN_OBJC_LITERAL_CONVERSION = YES;
				CLANG_WARN_OBJC_ROOT_CLASS = YES_ERROR;
				CLANG_WARN_QUOTED_INCLUDE_IN_FRAMEWORK_HEADER = YES;
				CLANG_WARN_RANGE_LOOP_ANALYSIS = YES;
				CLANG_WARN_STRICT_PROTOTYPES = YES;
				CLANG_WARN_SUSPICIOUS_MOVE = YES;
				CLANG_WARN_UNGUARDED_AVAILABILITY = YES_AGGRESSIVE;
				CLANG_WARN_UNREACHABLE_CODE = YES;
				CLANG_WARN__DUPLICATE_METHOD_MATCH = YES;
				COPY_PHASE_STRIP = NO;
				DEBUG_INFORMATION_FORMAT = dwarf;
				ENABLE_STRICT_OBJC_MSGSEND = YES;
				ENABLE_TESTABILITY = YES;
				GCC_C_LANGUAGE_STANDARD = gnu11;
				GCC_DYNAMIC_NO_PIC = NO;
				GCC_NO_COMMON_BLOCKS = YES;
				GCC_OPTIMIZATION_LEVEL = 0;
				GCC_PREPROCESSOR_DEFINITIONS = (
					"DEBUG=1",
					"$(inherited)",
				);
				GCC_WARN_64_TO_32_BIT_CONVERSION = YES;
				GCC_WARN_ABOUT_RETURN_TYPE = YES_ERROR;
				GCC_WARN_UNDECLARED_SELECTOR = YES;
				GCC_WARN_UNINITIALIZED_AUTOS = YES_AGGRESSIVE;
				GCC_WARN_UNUSED_FUNCTION = YES;
				GCC_WARN_UNUSED_VARIABLE = YES;
				IPHONEOS_DEPLOYMENT_TARGET = 15.4;
				MTL_ENABLE_DEBUG_INFO = INCLUDE_SOURCE;
				MTL_FAST_MATH = YES;
				ONLY_ACTIVE_ARCH = YES;
				SDKROOT = iphoneos;
				SWIFT_ACTIVE_COMPILATION_CONDITIONS = DEBUG;
				SWIFT_OPTIMIZATION_LEVEL = "-Onone";
			};
			name = Debug;
		};
		B17E2A9327EB736300591CE4 /* Release */ = {
			isa = XCBuildConfiguration;
			buildSettings = {
				ALWAYS_SEARCH_USER_PATHS = NO;
				CLANG_ANALYZER_NONNULL = YES;
				CLANG_ANALYZER_NUMBER_OBJECT_CONVERSION = YES_AGGRESSIVE;
				CLANG_CXX_LANGUAGE_STANDARD = "gnu++17";
				CLANG_ENABLE_MODULES = YES;
				CLANG_ENABLE_OBJC_ARC = YES;
				CLANG_ENABLE_OBJC_WEAK = YES;
				CLANG_WARN_BLOCK_CAPTURE_AUTORELEASING = YES;
				CLANG_WARN_BOOL_CONVERSION = YES;
				CLANG_WARN_COMMA = YES;
				CLANG_WARN_CONSTANT_CONVERSION = YES;
				CLANG_WARN_DEPRECATED_OBJC_IMPLEMENTATIONS = YES;
				CLANG_WARN_DIRECT_OBJC_ISA_USAGE = YES_ERROR;
				CLANG_WARN_DOCUMENTATION_COMMENTS = YES;
				CLANG_WARN_EMPTY_BODY = YES;
				CLANG_WARN_ENUM_CONVERSION = YES;
				CLANG_WARN_INFINITE_RECURSION = YES;
				CLANG_WARN_INT_CONVERSION = YES;
				CLANG_WARN_NON_LITERAL_NULL_CONVERSION = YES;
				CLANG_WARN_OBJC_IMPLICIT_RETAIN_SELF = YES;
				CLANG_WARN_OBJC_LITERAL_CONVERSION = YES;
				CLANG_WARN_OBJC_ROOT_CLASS = YES_ERROR;
				CLANG_WARN_QUOTED_INCLUDE_IN_FRAMEWORK_HEADER = YES;
				CLANG_WARN_RANGE_LOOP_ANALYSIS = YES;
				CLANG_WARN_STRICT_PROTOTYPES = YES;
				CLANG_WARN_SUSPICIOUS_MOVE = YES;
				CLANG_WARN_UNGUARDED_AVAILABILITY = YES_AGGRESSIVE;
				CLANG_WARN_UNREACHABLE_CODE = YES;
				CLANG_WARN__DUPLICATE_METHOD_MATCH = YES;
				COPY_PHASE_STRIP = NO;
				DEBUG_INFORMATION_FORMAT = "dwarf-with-dsym";
				ENABLE_NS_ASSERTIONS = NO;
				ENABLE_STRICT_OBJC_MSGSEND = YES;
				GCC_C_LANGUAGE_STANDARD = gnu11;
				GCC_NO_COMMON_BLOCKS = YES;
				GCC_WARN_64_TO_32_BIT_CONVERSION = YES;
				GCC_WARN_ABOUT_RETURN_TYPE = YES_ERROR;
				GCC_WARN_UNDECLARED_SELECTOR = YES;
				GCC_WARN_UNINITIALIZED_AUTOS = YES_AGGRESSIVE;
				GCC_WARN_UNUSED_FUNCTION = YES;
				GCC_WARN_UNUSED_VARIABLE = YES;
				IPHONEOS_DEPLOYMENT_TARGET = 15.4;
				MTL_ENABLE_DEBUG_INFO = NO;
				MTL_FAST_MATH = YES;
				SDKROOT = iphoneos;
				SWIFT_COMPILATION_MODE = wholemodule;
				SWIFT_OPTIMIZATION_LEVEL = "-O";
				VALIDATE_PRODUCT = YES;
			};
			name = Release;
		};
		B17E2A9527EB736300591CE4 /* Debug */ = {
			isa = XCBuildConfiguration;
			baseConfigurationReference = 877CF2F0EBD0E81D6563475E /* Pods-Neweather.debug.xcconfig */;
			buildSettings = {
				ASSETCATALOG_COMPILER_APPICON_NAME = AppIcon;
				ASSETCATALOG_COMPILER_GLOBAL_ACCENT_COLOR_NAME = AccentColor;
				CODE_SIGN_STYLE = Automatic;
				CURRENT_PROJECT_VERSION = 1;
				DEVELOPMENT_TEAM = 24U8QL9C7U;
				GENERATE_INFOPLIST_FILE = YES;
				INFOPLIST_FILE = Neweather/Info.plist;
				INFOPLIST_KEY_UIApplicationSupportsIndirectInputEvents = YES;
				INFOPLIST_KEY_UILaunchStoryboardName = LaunchScreen;
				INFOPLIST_KEY_UISupportedInterfaceOrientations_iPad = "UIInterfaceOrientationPortrait UIInterfaceOrientationPortraitUpsideDown UIInterfaceOrientationLandscapeLeft UIInterfaceOrientationLandscapeRight";
				INFOPLIST_KEY_UISupportedInterfaceOrientations_iPhone = "UIInterfaceOrientationPortrait UIInterfaceOrientationLandscapeLeft UIInterfaceOrientationLandscapeRight";
				LD_RUNPATH_SEARCH_PATHS = (
					"$(inherited)",
					"@executable_path/Frameworks",
				);
				MARKETING_VERSION = 1.0;
				PRODUCT_BUNDLE_IDENTIFIER = georgijrybak.Neweather;
				PRODUCT_NAME = "$(TARGET_NAME)";
				SWIFT_EMIT_LOC_STRINGS = YES;
				SWIFT_VERSION = 5.0;
				TARGETED_DEVICE_FAMILY = "1,2";
			};
			name = Debug;
		};
		B17E2A9627EB736300591CE4 /* Release */ = {
			isa = XCBuildConfiguration;
			baseConfigurationReference = F2B5A048681FCCFDF3B6FC10 /* Pods-Neweather.release.xcconfig */;
			buildSettings = {
				ASSETCATALOG_COMPILER_APPICON_NAME = AppIcon;
				ASSETCATALOG_COMPILER_GLOBAL_ACCENT_COLOR_NAME = AccentColor;
				CODE_SIGN_STYLE = Automatic;
				CURRENT_PROJECT_VERSION = 1;
				DEVELOPMENT_TEAM = 24U8QL9C7U;
				GENERATE_INFOPLIST_FILE = YES;
				INFOPLIST_FILE = Neweather/Info.plist;
				INFOPLIST_KEY_UIApplicationSupportsIndirectInputEvents = YES;
				INFOPLIST_KEY_UILaunchStoryboardName = LaunchScreen;
				INFOPLIST_KEY_UISupportedInterfaceOrientations_iPad = "UIInterfaceOrientationPortrait UIInterfaceOrientationPortraitUpsideDown UIInterfaceOrientationLandscapeLeft UIInterfaceOrientationLandscapeRight";
				INFOPLIST_KEY_UISupportedInterfaceOrientations_iPhone = "UIInterfaceOrientationPortrait UIInterfaceOrientationLandscapeLeft UIInterfaceOrientationLandscapeRight";
				LD_RUNPATH_SEARCH_PATHS = (
					"$(inherited)",
					"@executable_path/Frameworks",
				);
				MARKETING_VERSION = 1.0;
				PRODUCT_BUNDLE_IDENTIFIER = georgijrybak.Neweather;
				PRODUCT_NAME = "$(TARGET_NAME)";
				SWIFT_EMIT_LOC_STRINGS = YES;
				SWIFT_VERSION = 5.0;
				TARGETED_DEVICE_FAMILY = "1,2";
			};
			name = Release;
		};
/* End XCBuildConfiguration section */

/* Begin XCConfigurationList section */
		B17E2A7B27EB736100591CE4 /* Build configuration list for PBXProject "Neweather" */ = {
			isa = XCConfigurationList;
			buildConfigurations = (
				B17E2A9227EB736300591CE4 /* Debug */,
				B17E2A9327EB736300591CE4 /* Release */,
			);
			defaultConfigurationIsVisible = 0;
			defaultConfigurationName = Release;
		};
		B17E2A9427EB736300591CE4 /* Build configuration list for PBXNativeTarget "Neweather" */ = {
			isa = XCConfigurationList;
			buildConfigurations = (
				B17E2A9527EB736300591CE4 /* Debug */,
				B17E2A9627EB736300591CE4 /* Release */,
			);
			defaultConfigurationIsVisible = 0;
			defaultConfigurationName = Release;
		};
/* End XCConfigurationList section */
	};
	rootObject = B17E2A7827EB736100591CE4 /* Project object */;
}
